{
    "_readme": [
        "This file locks the dependencies of your project to a known state",
        "Read more about it at https://getcomposer.org/doc/01-basic-usage.md#composer-lock-the-lock-file",
        "This file is @generated automatically"
    ],
    "content-hash": "ce55676c0553013a212ad488fbeb481f",
    "packages": [
        {
            "name": "memcachier/php-memcache-sasl",
            "version": "1.0.3",
            "source": {
                "type": "git",
                "url": "https://github.com/memcachier/PHPMemcacheSASL.git",
                "reference": "9b71d0d16fa8dd3f2f5fab98726963b46123ac9d"
            },
            "dist": {
                "type": "zip",
                "url": "https://api.github.com/repos/memcachier/PHPMemcacheSASL/zipball/9b71d0d16fa8dd3f2f5fab98726963b46123ac9d",
                "reference": "9b71d0d16fa8dd3f2f5fab98726963b46123ac9d",
                "shasum": ""
            },
            "require": {
                "php": ">=5.3.0"
            },
            "type": "library",
            "autoload": {
                "psr-4": {
                    "MemCachier\\": "src/MemCachier"
                }
            },
            "notification-url": "https://packagist.org/downloads/",
            "license": [
                "MIT"
            ],
            "authors": [
                {
                    "name": "MemCachier Inc",
                    "email": "code@memcachier.com",
                    "homepage": "https://www.memcachier.com/"
                },
                {
                    "name": "Ronny Wang",
                    "email": "ronnywang@gmail.com",
                    "homepage": "http://ronnywang.pixnet.net/blog"
                }
            ],
            "description": "A PHP Memcache client with binary protocol and SASL support",
            "homepage": "https://github.com/memcachier/PHPMemcacheSASL",
            "keywords": [
                "binary",
                "cache",
                "memcache",
                "sasl"
            ],
            "time": "2015-06-04T19:44:27+00:00"
        }
    ],
    "packages-dev": [],
    "aliases": [],
    "minimum-stability": "stable",
    "stability-flags": [],
    "prefer-stable": false,
    "prefer-lowest": false,
    "platform": {
        "php": "~7.2.0",
        "ext-memcached": "*"
    },
    "platform-dev": []
}
